// !$*UTF8*$!
{
	archiveVersion = 1;
	classes = {
	};
	objectVersion = 77;
	objects = {

/* Begin PBXContainerItemProxy section */
		2CDB8BD32E1A1DA00090D1C4 /* PBXContainerItemProxy */ = {
			isa = PBXContainerItemProxy;
			containerPortal = 2CDB8BBD2E1A1D9E0090D1C4 /* Project object */;
			proxyType = 1;
			remoteGlobalIDString = 2CDB8BC42E1A1D9E0090D1C4;
			remoteInfo = DiceSwiftUI;
		};
		2CDB8BDD2E1A1DA00090D1C4 /* PBXContainerItemProxy */ = {
			isa = PBXContainerItemProxy;
			containerPortal = 2CDB8BBD2E1A1D9E0090D1C4 /* Project object */;
			proxyType = 1;
			remoteGlobalIDString = 2CDB8BC42E1A1D9E0090D1C4;
			remoteInfo = DiceSwiftUI;
		};
/* End PBXContainerItemProxy section */

/* Begin PBXFileReference section */
		2CDB8BC52E1A1D9E0090D1C4 /* DiceSwiftUI.app */ = {isa = PBXFileReference; explicitFileType = wrapper.application; includeInIndex = 0; path = DiceSwiftUI.app; sourceTree = BUILT_PRODUCTS_DIR; };
		2CDB8BD22E1A1DA00090D1C4 /* DiceSwiftUITests.xctest */ = {isa = PBXFileReference; explicitFileType = wrapper.cfbundle; includeInIndex = 0; path = DiceSwiftUITests.xctest; sourceTree = BUILT_PRODUCTS_DIR; };
		2CDB8BDC2E1A1DA00090D1C4 /* DiceSwiftUIUITests.xctest */ = {isa = PBXFileReference; explicitFileType = wrapper.cfbundle; includeInIndex = 0; path = DiceSwiftUIUITests.xctest; sourceTree = BUILT_PRODUCTS_DIR; };
/* End PBXFileReference section */

/* Begin PBXFileSystemSynchronizedRootGroup section */
		2CDB8BC72E1A1D9E0090D1C4 /* DiceSwiftUI */ = {
			isa = PBXFileSystemSynchronizedRootGroup;
			path = DiceSwiftUI;
			sourceTree = "<group>";
		};
		2CDB8BD52E1A1DA00090D1C4 /* DiceSwiftUITests */ = {
			isa = PBXFileSystemSynchronizedRootGroup;
			path = DiceSwiftUITests;
			sourceTree = "<group>";
		};
		2CDB8BDF2E1A1DA00090D1C4 /* DiceSwiftUIUITests */ = {
			isa = PBXFileSystemSynchronizedRootGroup;
			path = DiceSwiftUIUITests;
			sourceTree = "<group>";
		};
/* End PBXFileSystemSynchronizedRootGroup section */

/* Begin PBXFrameworksBuildPhase section */
		2CDB8BC22E1A1D9E0090D1C4 /* Frameworks */ = {
			isa = PBXFrameworksBuildPhase;
			buildActionMask = 2147483647;
			files = (
			);
			runOnlyForDeploymentPostprocessing = 0;
		};
		2CDB8BCF2E1A1DA00090D1C4 /* Frameworks */ = {
			isa = PBXFrameworksBuildPhase;
			buildActionMask = 2147483647;
			files = (
			);
			runOnlyForDeploymentPostprocessing = 0;
		};
		2CDB8BD92E1A1DA00090D1C4 /* Frameworks */ = {
			isa = PBXFrameworksBuildPhase;
			buildActionMask = 2147483647;
			files = (
			);
			runOnlyForDeploymentPostprocessing = 0;
		};
/* End PBXFrameworksBuildPhase section */

/* Begin PBXGroup section */
		2CDB8BBC2E1A1D9E0090D1C4 = {
			isa = PBXGroup;
			children = (
				2CDB8BC72E1A1D9E0090D1C4 /* DiceSwiftUI */,
				2CDB8BD52E1A1DA00090D1C4 /* DiceSwiftUITests */,
				2CDB8BDF2E1A1DA00090D1C4 /* DiceSwiftUIUITests */,
				2CDB8BC62E1A1D9E0090D1C4 /* Products */,
			);
			sourceTree = "<group>";
		};
		2CDB8BC62E1A1D9E0090D1C4 /* Products */ = {
			isa = PBXGroup;
			children = (
				2CDB8BC52E1A1D9E0090D1C4 /* DiceSwiftUI.app */,
				2CDB8BD22E1A1DA00090D1C4 /* DiceSwiftUITests.xctest */,
				2CDB8BDC2E1A1DA00090D1C4 /* DiceSwiftUIUITests.xctest */,
			);
			name = Products;
			sourceTree = "<group>";
		};
/* End PBXGroup section */

/* Begin PBXNativeTarget section */
		2CDB8BC42E1A1D9E0090D1C4 /* DiceSwiftUI */ = {
			isa = PBXNativeTarget;
			buildConfigurationList = 2CDB8BE62E1A1DA00090D1C4 /* Build configuration list for PBXNativeTarget "DiceSwiftUI" */;
			buildPhases = (
				2CDB8BC12E1A1D9E0090D1C4 /* Sources */,
				2CDB8BC22E1A1D9E0090D1C4 /* Frameworks */,
				2CDB8BC32E1A1D9E0090D1C4 /* Resources */,
			);
			buildRules = (
			);
			dependencies = (
			);
			fileSystemSynchronizedGroups = (
				2CDB8BC72E1A1D9E0090D1C4 /* DiceSwiftUI */,
			);
			name = DiceSwiftUI;
			packageProductDependencies = (
			);
			productName = DiceSwiftUI;
			productReference = 2CDB8BC52E1A1D9E0090D1C4 /* DiceSwiftUI.app */;
			productType = "com.apple.product-type.application";
		};
		2CDB8BD12E1A1DA00090D1C4 /* DiceSwiftUITests */ = {
			isa = PBXNativeTarget;
			buildConfigurationList = 2CDB8BE92E1A1DA00090D1C4 /* Build configuration list for PBXNativeTarget "DiceSwiftUITests" */;
			buildPhases = (
				2CDB8BCE2E1A1DA00090D1C4 /* Sources */,
				2CDB8BCF2E1A1DA00090D1C4 /* Frameworks */,
				2CDB8BD02E1A1DA00090D1C4 /* Resources */,
			);
			buildRules = (
			);
			dependencies = (
				2CDB8BD42E1A1DA00090D1C4 /* PBXTargetDependency */,
			);
			fileSystemSynchronizedGroups = (
				2CDB8BD52E1A1DA00090D1C4 /* DiceSwiftUITests */,
			);
			name = DiceSwiftUITests;
			packageProductDependencies = (
			);
			productName = DiceSwiftUITests;
			productReference = 2CDB8BD22E1A1DA00090D1C4 /* DiceSwiftUITests.xctest */;
			productType = "com.apple.product-type.bundle.unit-test";
		};
		2CDB8BDB2E1A1DA00090D1C4 /* DiceSwiftUIUITests */ = {
			isa = PBXNativeTarget;
			buildConfigurationList = 2CDB8BEC2E1A1DA00090D1C4 /* Build configuration list for PBXNativeTarget "DiceSwiftUIUITests" */;
			buildPhases = (
				2CDB8BD82E1A1DA00090D1C4 /* Sources */,
				2CDB8BD92E1A1DA00090D1C4 /* Frameworks */,
				2CDB8BDA2E1A1DA00090D1C4 /* Resources */,
			);
			buildRules = (
			);
			dependencies = (
				2CDB8BDE2E1A1DA00090D1C4 /* PBXTargetDependency */,
			);
			fileSystemSynchronizedGroups = (
				2CDB8BDF2E1A1DA00090D1C4 /* DiceSwiftUIUITests */,
			);
			name = DiceSwiftUIUITests;
			packageProductDependencies = (
			);
			productName = DiceSwiftUIUITests;
			productReference = 2CDB8BDC2E1A1DA00090D1C4 /* DiceSwiftUIUITests.xctest */;
			productType = "com.apple.product-type.bundle.ui-testing";
		};
/* End PBXNativeTarget section */

/* Begin PBXProject section */
		2CDB8BBD2E1A1D9E0090D1C4 /* Project object */ = {
			isa = PBXProject;
			attributes = {
				BuildIndependentTargetsInParallel = 1;
				LastSwiftUpdateCheck = 1640;
				LastUpgradeCheck = 1640;
				TargetAttributes = {
					2CDB8BC42E1A1D9E0090D1C4 = {
						CreatedOnToolsVersion = 16.4;
					};
					2CDB8BD12E1A1DA00090D1C4 = {
						CreatedOnToolsVersion = 16.4;
						TestTargetID = 2CDB8BC42E1A1D9E0090D1C4;
					};
					2CDB8BDB2E1A1DA00090D1C4 = {
						CreatedOnToolsVersion = 16.4;
						TestTargetID = 2CDB8BC42E1A1D9E0090D1C4;
					};
				};
			};
			buildConfigurationList = 2CDB8BC02E1A1D9E0090D1C4 /* Build configuration list for PBXProject "DiceSwiftUI" */;
			developmentRegion = en;
			hasScannedForEncodings = 0;
			knownRegions = (
				en,
				Base,
			);
			mainGroup = 2CDB8BBC2E1A1D9E0090D1C4;
			minimizedProjectReferenceProxies = 1;
			preferredProjectObjectVersion = 77;
			productRefGroup = 2CDB8BC62E1A1D9E0090D1C4 /* Products */;
			projectDirPath = "";
			projectRoot = "";
			targets = (
				2CDB8BC42E1A1D9E0090D1C4 /* DiceSwiftUI */,
				2CDB8BD12E1A1DA00090D1C4 /* DiceSwiftUITests */,
				2CDB8BDB2E1A1DA00090D1C4 /* DiceSwiftUIUITests */,
			);
		};
/* End PBXProject section */

/* Begin PBXResourcesBuildPhase section */
		2CDB8BC32E1A1D9E0090D1C4 /* Resources */ = {
			isa = PBXResourcesBuildPhase;
			buildActionMask = 2147483647;
			files = (
			);
			runOnlyForDeploymentPostprocessing = 0;
		};
		2CDB8BD02E1A1DA00090D1C4 /* Resources */ = {
			isa = PBXResourcesBuildPhase;
			buildActionMask = 2147483647;
			files = (
			);
			runOnlyForDeploymentPostprocessing = 0;
		};
		2CDB8BDA2E1A1DA00090D1C4 /* Resources */ = {
			isa = PBXResourcesBuildPhase;
			buildActionMask = 2147483647;
			files = (
			);
			runOnlyForDeploymentPostprocessing = 0;
		};
/* End PBXResourcesBuildPhase section */

/* Begin PBXSourcesBuildPhase section */
		2CDB8BC12E1A1D9E0090D1C4 /* Sources */ = {
			isa = PBXSourcesBuildPhase;
			buildActionMask = 2147483647;
			files = (
			);
			runOnlyForDeploymentPostprocessing = 0;
		};
		2CDB8BCE2E1A1DA00090D1C4 /* Sources */ = {
			isa = PBXSourcesBuildPhase;
			buildActionMask = 2147483647;
			files = (
			);
			runOnlyForDeploymentPostprocessing = 0;
		};
		2CDB8BD82E1A1DA00090D1C4 /* Sources */ = {
			isa = PBXSourcesBuildPhase;
			buildActionMask = 2147483647;
			files = (
			);
			runOnlyForDeploymentPostprocessing = 0;
		};
/* End PBXSourcesBuildPhase section */

/* Begin PBXTargetDependency section */
		2CDB8BD42E1A1DA00090D1C4 /* PBXTargetDependency */ = {
			isa = PBXTargetDependency;
			target = 2CDB8BC42E1A1D9E0090D1C4 /* DiceSwiftUI */;
			targetProxy = 2CDB8BD32E1A1DA00090D1C4 /* PBXContainerItemProxy */;
		};
		2CDB8BDE2E1A1DA00090D1C4 /* PBXTargetDependency */ = {
			isa = PBXTargetDependency;
			target = 2CDB8BC42E1A1D9E0090D1C4 /* DiceSwiftUI */;
			targetProxy = 2CDB8BDD2E1A1DA00090D1C4 /* PBXContainerItemProxy */;
		};
/* End PBXTargetDependency section */

/* Begin XCBuildConfiguration section */
		2CDB8BE42E1A1DA00090D1C4 /* Debug */ = {
			isa = XCBuildConfiguration;
			buildSettings = {
				ALWAYS_SEARCH_USER_PATHS = NO;
				ASSETCATALOG_COMPILER_GENERATE_SWIFT_ASSET_SYMBOL_EXTENSIONS = YES;
				CLANG_ANALYZER_NONNULL = YES;
				CLANG_ANALYZER_NUMBER_OBJECT_CONVERSION = YES_AGGRESSIVE;
				CLANG_CXX_LANGUAGE_STANDARD = "gnu++20";
				CLANG_ENABLE_MODULES = YES;
				CLANG_ENABLE_OBJC_ARC = YES;
				CLANG_ENABLE_OBJC_WEAK = YES;
				CLANG_WARN_BLOCK_CAPTURE_AUTORELEASING = YES;
				CLANG_WARN_BOOL_CONVERSION = YES;
				CLANG_WARN_COMMA = YES;
				CLANG_WARN_CONSTANT_CONVERSION = YES;
				CLANG_WARN_DEPRECATED_OBJC_IMPLEMENTATIONS = YES;
				CLANG_WARN_DIRECT_OBJC_ISA_USAGE = YES_ERROR;
				CLANG_WARN_DOCUMENTATION_COMMENTS = YES;
				CLANG_WARN_EMPTY_BODY = YES;
				CLANG_WARN_ENUM_CONVERSION = YES;
				CLANG_WARN_INFINITE_RECURSION = YES;
				CLANG_WARN_INT_CONVERSION = YES;
				CLANG_WARN_NON_LITERAL_NULL_CONVERSION = YES;
				CLANG_WARN_OBJC_IMPLICIT_RETAIN_SELF = YES;
				CLANG_WARN_OBJC_LITERAL_CONVERSION = YES;
				CLANG_WARN_OBJC_ROOT_CLASS = YES_ERROR;
				CLANG_WARN_QUOTED_INCLUDE_IN_FRAMEWORK_HEADER = YES;
				CLANG_WARN_RANGE_LOOP_ANALYSIS = YES;
				CLANG_WARN_STRICT_PROTOTYPES = YES;
				CLANG_WARN_SUSPICIOUS_MOVE = YES;
				CLANG_WARN_UNGUARDED_AVAILABILITY = YES_AGGRESSIVE;
				CLANG_WARN_UNREACHABLE_CODE = YES;
				CLANG_WARN__DUPLICATE_METHOD_MATCH = YES;
				COPY_PHASE_STRIP = NO;
				DEBUG_INFORMATION_FORMAT = dwarf;
				ENABLE_STRICT_OBJC_MSGSEND = YES;
				ENABLE_TESTABILITY = YES;
				ENABLE_USER_SCRIPT_SANDBOXING = YES;
				GCC_C_LANGUAGE_STANDARD = gnu17;
				GCC_DYNAMIC_NO_PIC = NO;
				GCC_NO_COMMON_BLOCKS = YES;
				GCC_OPTIMIZATION_LEVEL = 0;
				GCC_PREPROCESSOR_DEFINITIONS = (
					"DEBUG=1",
					"$(inherited)",
				);
				GCC_WARN_64_TO_32_BIT_CONVERSION = YES;
				GCC_WARN_ABOUT_RETURN_TYPE = YES_ERROR;
				GCC_WARN_UNDECLARED_SELECTOR = YES;
				GCC_WARN_UNINITIALIZED_AUTOS = YES_AGGRESSIVE;
				GCC_WARN_UNUSED_FUNCTION = YES;
				GCC_WARN_UNUSED_VARIABLE = YES;
				IPHONEOS_DEPLOYMENT_TARGET = 18.5;
				LOCALIZATION_PREFERS_STRING_CATALOGS = YES;
				MTL_ENABLE_DEBUG_INFO = INCLUDE_SOURCE;
				MTL_FAST_MATH = YES;
				ONLY_ACTIVE_ARCH = YES;
				SDKROOT = iphoneos;
				SWIFT_ACTIVE_COMPILATION_CONDITIONS = "DEBUG $(inherited)";
				SWIFT_OPTIMIZATION_LEVEL = "-Onone";
			};
			name = Debug;
		};
		2CDB8BE52E1A1DA00090D1C4 /* Release */ = {
			isa = XCBuildConfiguration;
			buildSettings = {
				ALWAYS_SEARCH_USER_PATHS = NO;
				ASSETCATALOG_COMPILER_GENERATE_SWIFT_ASSET_SYMBOL_EXTENSIONS = YES;
				CLANG_ANALYZER_NONNULL = YES;
				CLANG_ANALYZER_NUMBER_OBJECT_CONVERSION = YES_AGGRESSIVE;
				CLANG_CXX_LANGUAGE_STANDARD = "gnu++20";
				CLANG_ENABLE_MODULES = YES;
				CLANG_ENABLE_OBJC_ARC = YES;
				CLANG_ENABLE_OBJC_WEAK = YES;
				CLANG_WARN_BLOCK_CAPTURE_AUTORELEASING = YES;
				CLANG_WARN_BOOL_CONVERSION = YES;
				CLANG_WARN_COMMA = YES;
				CLANG_WARN_CONSTANT_CONVERSION = YES;
				CLANG_WARN_DEPRECATED_OBJC_IMPLEMENTATIONS = YES;
				CLANG_WARN_DIRECT_OBJC_ISA_USAGE = YES_ERROR;
				CLANG_WARN_DOCUMENTATION_COMMENTS = YES;
				CLANG_WARN_EMPTY_BODY = YES;
				CLANG_WARN_ENUM_CONVERSION = YES;
				CLANG_WARN_INFINITE_RECURSION = YES;
				CLANG_WARN_INT_CONVERSION = YES;
				CLANG_WARN_NON_LITERAL_NULL_CONVERSION = YES;
				CLANG_WARN_OBJC_IMPLICIT_RETAIN_SELF = YES;
				CLANG_WARN_OBJC_LITERAL_CONVERSION = YES;
				CLANG_WARN_OBJC_ROOT_CLASS = YES_ERROR;
				CLANG_WARN_QUOTED_INCLUDE_IN_FRAMEWORK_HEADER = YES;
				CLANG_WARN_RANGE_LOOP_ANALYSIS = YES;
				CLANG_WARN_STRICT_PROTOTYPES = YES;
				CLANG_WARN_SUSPICIOUS_MOVE = YES;
				CLANG_WARN_UNGUARDED_AVAILABILITY = YES_AGGRESSIVE;
				CLANG_WARN_UNREACHABLE_CODE = YES;
				CLANG_WARN__DUPLICATE_METHOD_MATCH = YES;
				COPY_PHASE_STRIP = NO;
				DEBUG_INFORMATION_FORMAT = "dwarf-with-dsym";
				ENABLE_NS_ASSERTIONS = NO;
				ENABLE_STRICT_OBJC_MSGSEND = YES;
				ENABLE_USER_SCRIPT_SANDBOXING = YES;
				GCC_C_LANGUAGE_STANDARD = gnu17;
				GCC_NO_COMMON_BLOCKS = YES;
				GCC_WARN_64_TO_32_BIT_CONVERSION = YES;
				GCC_WARN_ABOUT_RETURN_TYPE = YES_ERROR;
				GCC_WARN_UNDECLARED_SELECTOR = YES;
				GCC_WARN_UNINITIALIZED_AUTOS = YES_AGGRESSIVE;
				GCC_WARN_UNUSED_FUNCTION = YES;
				GCC_WARN_UNUSED_VARIABLE = YES;
				IPHONEOS_DEPLOYMENT_TARGET = 18.5;
				LOCALIZATION_PREFERS_STRING_CATALOGS = YES;
				MTL_ENABLE_DEBUG_INFO = NO;
				MTL_FAST_MATH = YES;
				SDKROOT = iphoneos;
				SWIFT_COMPILATION_MODE = wholemodule;
				VALIDATE_PRODUCT = YES;
			};
			name = Release;
		};
		2CDB8BE72E1A1DA00090D1C4 /* Debug */ = {
			isa = XCBuildConfiguration;
			buildSettings = {
				ASSETCATALOG_COMPILER_APPICON_NAME = AppIcon;
				ASSETCATALOG_COMPILER_GLOBAL_ACCENT_COLOR_NAME = AccentColor;
				CODE_SIGN_STYLE = Automatic;
				CURRENT_PROJECT_VERSION = 1;
				ENABLE_PREVIEWS = YES;
				GENERATE_INFOPLIST_FILE = YES;
				INFOPLIST_KEY_UIApplicationSceneManifest_Generation = YES;
				INFOPLIST_KEY_UIApplicationSupportsIndirectInputEvents = YES;
				INFOPLIST_KEY_UILaunchScreen_Generation = YES;
				INFOPLIST_KEY_UISupportedInterfaceOrientations_iPad = "UIInterfaceOrientationPortrait UIInterfaceOrientationPortraitUpsideDown UIInterfaceOrientationLandscapeLeft UIInterfaceOrientationLandscapeRight";
				INFOPLIST_KEY_UISupportedInterfaceOrientations_iPhone = "UIInterfaceOrientationPortrait UIInterfaceOrientationLandscapeLeft UIInterfaceOrientationLandscapeRight";
				LD_RUNPATH_SEARCH_PATHS = (
					"$(inherited)",
					"@executable_path/Frameworks",
				);
				MARKETING_VERSION = 1.0;
				PRODUCT_BUNDLE_IDENTIFIER = com.Lakshay.DiceSwiftUI;
				PRODUCT_NAME = "$(TARGET_NAME)";
				SWIFT_EMIT_LOC_STRINGS = YES;
				SWIFT_VERSION = 5.0;
				TARGETED_DEVICE_FAMILY = "1,2";
			};
			name = Debug;
		};
		2CDB8BE82E1A1DA00090D1C4 /* Release */ = {
			isa = XCBuildConfiguration;
			buildSettings = {
				ASSETCATALOG_COMPILER_APPICON_NAME = AppIcon;
				ASSETCATALOG_COMPILER_GLOBAL_ACCENT_COLOR_NAME = AccentColor;
				CODE_SIGN_STYLE = Automatic;
				CURRENT_PROJECT_VERSION = 1;
				ENABLE_PREVIEWS = YES;
				GENERATE_INFOPLIST_FILE = YES;
				INFOPLIST_KEY_UIApplicationSceneManifest_Generation = YES;
				INFOPLIST_KEY_UIApplicationSupportsIndirectInputEvents = YES;
				INFOPLIST_KEY_UILaunchScreen_Generation = YES;
				INFOPLIST_KEY_UISupportedInterfaceOrientations_iPad = "UIInterfaceOrientationPortrait UIInterfaceOrientationPortraitUpsideDown UIInterfaceOrientationLandscapeLeft UIInterfaceOrientationLandscapeRight";
				INFOPLIST_KEY_UISupportedInterfaceOrientations_iPhone = "UIInterfaceOrientationPortrait UIInterfaceOrientationLandscapeLeft UIInterfaceOrientationLandscapeRight";
				LD_RUNPATH_SEARCH_PATHS = (
					"$(inherited)",
					"@executable_path/Frameworks",
				);
				MARKETING_VERSION = 1.0;
				PRODUCT_BUNDLE_IDENTIFIER = com.Lakshay.DiceSwiftUI;
				PRODUCT_NAME = "$(TARGET_NAME)";
				SWIFT_EMIT_LOC_STRINGS = YES;
				SWIFT_VERSION = 5.0;
				TARGETED_DEVICE_FAMILY = "1,2";
			};
			name = Release;
		};
		2CDB8BEA2E1A1DA00090D1C4 /* Debug */ = {
			isa = XCBuildConfiguration;
			buildSettings = {
				BUNDLE_LOADER = "$(TEST_HOST)";
				CODE_SIGN_STYLE = Automatic;
				CURRENT_PROJECT_VERSION = 1;
				GENERATE_INFOPLIST_FILE = YES;
				IPHONEOS_DEPLOYMENT_TARGET = 18.5;
				MARKETING_VERSION = 1.0;
				PRODUCT_BUNDLE_IDENTIFIER = com.Lakshay.DiceSwiftUITests;
				PRODUCT_NAME = "$(TARGET_NAME)";
				SWIFT_EMIT_LOC_STRINGS = NO;
				SWIFT_VERSION = 5.0;
				TARGETED_DEVICE_FAMILY = "1,2";
				TEST_HOST = "$(BUILT_PRODUCTS_DIR)/DiceSwiftUI.app/$(BUNDLE_EXECUTABLE_FOLDER_PATH)/DiceSwiftUI";
			};
			name = Debug;
		};
		2CDB8BEB2E1A1DA00090D1C4 /* Release */ = {
			isa = XCBuildConfiguration;
			buildSettings = {
				BUNDLE_LOADER = "$(TEST_HOST)";
				CODE_SIGN_STYLE = Automatic;
				CURRENT_PROJECT_VERSION = 1;
				GENERATE_INFOPLIST_FILE = YES;
				IPHONEOS_DEPLOYMENT_TARGET = 18.5;
				MARKETING_VERSION = 1.0;
				PRODUCT_BUNDLE_IDENTIFIER = com.Lakshay.DiceSwiftUITests;
				PRODUCT_NAME = "$(TARGET_NAME)";
				SWIFT_EMIT_LOC_STRINGS = NO;
				SWIFT_VERSION = 5.0;
				TARGETED_DEVICE_FAMILY = "1,2";
				TEST_HOST = "$(BUILT_PRODUCTS_DIR)/DiceSwiftUI.app/$(BUNDLE_EXECUTABLE_FOLDER_PATH)/DiceSwiftUI";
			};
			name = Release;
		};
		2CDB8BED2E1A1DA00090D1C4 /* Debug */ = {
			isa = XCBuildConfiguration;
			buildSettings = {
				CODE_SIGN_STYLE = Automatic;
				CURRENT_PROJECT_VERSION = 1;
				GENERATE_INFOPLIST_FILE = YES;
				MARKETING_VERSION = 1.0;
				PRODUCT_BUNDLE_IDENTIFIER = com.Lakshay.DiceSwiftUIUITests;
				PRODUCT_NAME = "$(TARGET_NAME)";
				SWIFT_EMIT_LOC_STRINGS = NO;
				SWIFT_VERSION = 5.0;
				TARGETED_DEVICE_FAMILY = "1,2";
				TEST_TARGET_NAME = DiceSwiftUI;
			};
			name = Debug;
		};
		2CDB8BEE2E1A1DA00090D1C4 /* Release */ = {
			isa = XCBuildConfiguration;
			buildSettings = {
				CODE_SIGN_STYLE = Automatic;
				CURRENT_PROJECT_VERSION = 1;
				GENERATE_INFOPLIST_FILE = YES;
				MARKETING_VERSION = 1.0;
				PRODUCT_BUNDLE_IDENTIFIER = com.Lakshay.DiceSwiftUIUITests;
				PRODUCT_NAME = "$(TARGET_NAME)";
				SWIFT_EMIT_LOC_STRINGS = NO;
				SWIFT_VERSION = 5.0;
				TARGETED_DEVICE_FAMILY = "1,2";
				TEST_TARGET_NAME = DiceSwiftUI;
			};
			name = Release;
		};
/* End XCBuildConfiguration section */

/* Begin XCConfigurationList section */
		2CDB8BC02E1A1D9E0090D1C4 /* Build configuration list for PBXProject "DiceSwiftUI" */ = {
			isa = XCConfigurationList;
			buildConfigurations = (
				2CDB8BE42E1A1DA00090D1C4 /* Debug */,
				2CDB8BE52E1A1DA00090D1C4 /* Release */,
			);
			defaultConfigurationIsVisible = 0;
			defaultConfigurationName = Release;
		};
		2CDB8BE62E1A1DA00090D1C4 /* Build configuration list for PBXNativeTarget "DiceSwiftUI" */ = {
			isa = XCConfigurationList;
			buildConfigurations = (
				2CDB8BE72E1A1DA00090D1C4 /* Debug */,
				2CDB8BE82E1A1DA00090D1C4 /* Release */,
			);
			defaultConfigurationIsVisible = 0;
			defaultConfigurationName = Release;
		};
		2CDB8BE92E1A1DA00090D1C4 /* Build configuration list for PBXNativeTarget "DiceSwiftUITests" */ = {
			isa = XCConfigurationList;
			buildConfigurations = (
				2CDB8BEA2E1A1DA00090D1C4 /* Debug */,
				2CDB8BEB2E1A1DA00090D1C4 /* Release */,
			);
			defaultConfigurationIsVisible = 0;
			defaultConfigurationName = Release;
		};
		2CDB8BEC2E1A1DA00090D1C4 /* Build configuration list for PBXNativeTarget "DiceSwiftUIUITests" */ = {
			isa = XCConfigurationList;
			buildConfigurations = (
				2CDB8BED2E1A1DA00090D1C4 /* Debug */,
				2CDB8BEE2E1A1DA00090D1C4 /* Release */,
			);
			defaultConfigurationIsVisible = 0;
			defaultConfigurationName = Release;
		};
/* End XCConfigurationList section */
	};
	rootObject = 2CDB8BBD2E1A1D9E0090D1C4 /* Project object */;
}
